
Microsoft Visual Studio Solution File, Format Version 12.00
# Visual Studio Version 17
VisualStudioVersion = 17.3.32901.215
MinimumVisualStudioVersion = 10.0.40219.1
Project("{FAE04EC0-301F-11D3-BF4B-00C04F79EFBC}") = "WebCalculator", "WebCalculator\WebCalculator.csproj", "{02678242-7906-44FC-9F0C-873DBA1D7961}"
EndProject
Global
	GlobalSection(SolutionConfigurationPlatforms) = preSolution
		Debug|Any CPU = Debug|Any CPU
		Release|Any CPU = Release|Any CPU
	EndGlobalSection
	GlobalSection(ProjectConfigurationPlatforms) = postSolution
		{02678242-7906-44FC-9F0C-873DBA1D7961}.Debug|Any CPU.ActiveCfg = Debug|Any CPU
		{02678242-7906-44FC-9F0C-873DBA1D7961}.Debug|Any CPU.Build.0 = Debug|Any CPU
		{02678242-7906-44FC-9F0C-873DBA1D7961}.Release|Any CPU.ActiveCfg = Release|Any CPU
		{02678242-7906-44FC-9F0C-873DBA1D7961}.Release|Any CPU.Build.0 = Release|Any CPU
	EndGlobalSection
	GlobalSection(SolutionProperties) = preSolution
		HideSolutionNode = FALSE
	EndGlobalSection
	GlobalSection(ExtensibilityGlobals) = postSolution
		SolutionGuid = {BBDA635A-52B2-4E3E-861A-565B1FB5493C}
	EndGlobalSection
EndGlobal
